
Microsoft Visual Studio Solution File, Format Version 12.00
# Visual Studio Version 17
VisualStudioVersion = 17.4.33213.308
MinimumVisualStudioVersion = 10.0.40219.1
Project("{FAE04EC0-301F-11D3-BF4B-00C04F79EFBC}") = "PractiseThreading", "PractiseThreading\PractiseThreading.csproj", "{4E3399F4-A52A-4F3F-829E-04AA050591ED}"
EndProject
Project("{FAE04EC0-301F-11D3-BF4B-00C04F79EFBC}") = "PractiseThreading2_", "PractiseThreading2_\PractiseThreading2_.csproj", "{BB20DDED-7814-40C0-A28E-1290C8920FE3}"
EndProject
Global
	GlobalSection(SolutionConfigurationPlatforms) = preSolution
		Debug|Any CPU = Debug|Any CPU
		Release|Any CPU = Release|Any CPU
	EndGlobalSection
	GlobalSection(ProjectConfigurationPlatforms) = postSolution
		{4E3399F4-A52A-4F3F-829E-04AA050591ED}.Debug|Any CPU.ActiveCfg = Debug|Any CPU
		{4E3399F4-A52A-4F3F-829E-04AA050591ED}.Debug|Any CPU.Build.0 = Debug|Any CPU
		{4E3399F4-A52A-4F3F-829E-04AA050591ED}.Release|Any CPU.ActiveCfg = Release|Any CPU
		{4E3399F4-A52A-4F3F-829E-04AA050591ED}.Release|Any CPU.Build.0 = Release|Any CPU
		{BB20DDED-7814-40C0-A28E-1290C8920FE3}.Debug|Any CPU.ActiveCfg = Debug|Any CPU
		{BB20DDED-7814-40C0-A28E-1290C8920FE3}.Debug|Any CPU.Build.0 = Debug|Any CPU
		{BB20DDED-7814-40C0-A28E-1290C8920FE3}.Release|Any CPU.ActiveCfg = Release|Any CPU
		{BB20DDED-7814-40C0-A28E-1290C8920FE3}.Release|Any CPU.Build.0 = Release|Any CPU
	EndGlobalSection
	GlobalSection(SolutionProperties) = preSolution
		HideSolutionNode = FALSE
	EndGlobalSection
	GlobalSection(ExtensibilityGlobals) = postSolution
		SolutionGuid = {47F7B640-490D-4765-8865-7C60D99139C5}
	EndGlobalSection
EndGlobal
